// !$*UTF8*$!
{
	archiveVersion = 1;
	classes = {
	};
	objectVersion = 56;
	objects = {

/* Begin PBXBuildFile section */
		95E73672297A7E0D0009D775 /* MiniApp_SwiftUI_MVVMTodoAppApp.swift in Sources */ = {isa = PBXBuildFile; fileRef = 95E73671297A7E0D0009D775 /* MiniApp_SwiftUI_MVVMTodoAppApp.swift */; };
		95E73674297A7E0D0009D775 /* ContentView.swift in Sources */ = {isa = PBXBuildFile; fileRef = 95E73673297A7E0D0009D775 /* ContentView.swift */; };
		95E73676297A7E0F0009D775 /* Assets.xcassets in Resources */ = {isa = PBXBuildFile; fileRef = 95E73675297A7E0F0009D775 /* Assets.xcassets */; };
		95E73679297A7E0F0009D775 /* Preview Assets.xcassets in Resources */ = {isa = PBXBuildFile; fileRef = 95E73678297A7E0F0009D775 /* Preview Assets.xcassets */; };
		95E73683297A7E0F0009D775 /* MiniApp_SwiftUI_MVVMTodoAppTests.swift in Sources */ = {isa = PBXBuildFile; fileRef = 95E73682297A7E0F0009D775 /* MiniApp_SwiftUI_MVVMTodoAppTests.swift */; };
		95E7368D297A7E0F0009D775 /* MiniApp_SwiftUI_MVVMTodoAppUITests.swift in Sources */ = {isa = PBXBuildFile; fileRef = 95E7368C297A7E0F0009D775 /* MiniApp_SwiftUI_MVVMTodoAppUITests.swift */; };
		95E7368F297A7E0F0009D775 /* MiniApp_SwiftUI_MVVMTodoAppUITestsLaunchTests.swift in Sources */ = {isa = PBXBuildFile; fileRef = 95E7368E297A7E0F0009D775 /* MiniApp_SwiftUI_MVVMTodoAppUITestsLaunchTests.swift */; };
/* End PBXBuildFile section */

/* Begin PBXContainerItemProxy section */
		95E7367F297A7E0F0009D775 /* PBXContainerItemProxy */ = {
			isa = PBXContainerItemProxy;
			containerPortal = 95E73666297A7E0D0009D775 /* Project object */;
			proxyType = 1;
			remoteGlobalIDString = 95E7366D297A7E0D0009D775;
			remoteInfo = "MiniApp-SwiftUI-MVVMTodoApp";
		};
		95E73689297A7E0F0009D775 /* PBXContainerItemProxy */ = {
			isa = PBXContainerItemProxy;
			containerPortal = 95E73666297A7E0D0009D775 /* Project object */;
			proxyType = 1;
			remoteGlobalIDString = 95E7366D297A7E0D0009D775;
			remoteInfo = "MiniApp-SwiftUI-MVVMTodoApp";
		};
/* End PBXContainerItemProxy section */

/* Begin PBXFileReference section */
		95E7366E297A7E0D0009D775 /* MiniApp-SwiftUI-MVVMTodoApp.app */ = {isa = PBXFileReference; explicitFileType = wrapper.application; includeInIndex = 0; path = "MiniApp-SwiftUI-MVVMTodoApp.app"; sourceTree = BUILT_PRODUCTS_DIR; };
		95E73671297A7E0D0009D775 /* MiniApp_SwiftUI_MVVMTodoAppApp.swift */ = {isa = PBXFileReference; lastKnownFileType = sourcecode.swift; path = MiniApp_SwiftUI_MVVMTodoAppApp.swift; sourceTree = "<group>"; };
		95E73673297A7E0D0009D775 /* ContentView.swift */ = {isa = PBXFileReference; lastKnownFileType = sourcecode.swift; path = ContentView.swift; sourceTree = "<group>"; };
		95E73675297A7E0F0009D775 /* Assets.xcassets */ = {isa = PBXFileReference; lastKnownFileType = folder.assetcatalog; path = Assets.xcassets; sourceTree = "<group>"; };
		95E73678297A7E0F0009D775 /* Preview Assets.xcassets */ = {isa = PBXFileReference; lastKnownFileType = folder.assetcatalog; path = "Preview Assets.xcassets"; sourceTree = "<group>"; };
		95E7367E297A7E0F0009D775 /* MiniApp-SwiftUI-MVVMTodoAppTests.xctest */ = {isa = PBXFileReference; explicitFileType = wrapper.cfbundle; includeInIndex = 0; path = "MiniApp-SwiftUI-MVVMTodoAppTests.xctest"; sourceTree = BUILT_PRODUCTS_DIR; };
		95E73682297A7E0F0009D775 /* MiniApp_SwiftUI_MVVMTodoAppTests.swift */ = {isa = PBXFileReference; lastKnownFileType = sourcecode.swift; path = MiniApp_SwiftUI_MVVMTodoAppTests.swift; sourceTree = "<group>"; };
		95E73688297A7E0F0009D775 /* MiniApp-SwiftUI-MVVMTodoAppUITests.xctest */ = {isa = PBXFileReference; explicitFileType = wrapper.cfbundle; includeInIndex = 0; path = "MiniApp-SwiftUI-MVVMTodoAppUITests.xctest"; sourceTree = BUILT_PRODUCTS_DIR; };
		95E7368C297A7E0F0009D775 /* MiniApp_SwiftUI_MVVMTodoAppUITests.swift */ = {isa = PBXFileReference; lastKnownFileType = sourcecode.swift; path = MiniApp_SwiftUI_MVVMTodoAppUITests.swift; sourceTree = "<group>"; };
		95E7368E297A7E0F0009D775 /* MiniApp_SwiftUI_MVVMTodoAppUITestsLaunchTests.swift */ = {isa = PBXFileReference; lastKnownFileType = sourcecode.swift; path = MiniApp_SwiftUI_MVVMTodoAppUITestsLaunchTests.swift; sourceTree = "<group>"; };
/* End PBXFileReference section */

/* Begin PBXFrameworksBuildPhase section */
		95E7366B297A7E0D0009D775 /* Frameworks */ = {
			isa = PBXFrameworksBuildPhase;
			buildActionMask = 2147483647;
			files = (
			);
			runOnlyForDeploymentPostprocessing = 0;
		};
		95E7367B297A7E0F0009D775 /* Frameworks */ = {
			isa = PBXFrameworksBuildPhase;
			buildActionMask = 2147483647;
			files = (
			);
			runOnlyForDeploymentPostprocessing = 0;
		};
		95E73685297A7E0F0009D775 /* Frameworks */ = {
			isa = PBXFrameworksBuildPhase;
			buildActionMask = 2147483647;
			files = (
			);
			runOnlyForDeploymentPostprocessing = 0;
		};
/* End PBXFrameworksBuildPhase section */

/* Begin PBXGroup section */
		95E73665297A7E0D0009D775 = {
			isa = PBXGroup;
			children = (
				95E73670297A7E0D0009D775 /* MiniApp-SwiftUI-MVVMTodoApp */,
				95E73681297A7E0F0009D775 /* MiniApp-SwiftUI-MVVMTodoAppTests */,
				95E7368B297A7E0F0009D775 /* MiniApp-SwiftUI-MVVMTodoAppUITests */,
				95E7366F297A7E0D0009D775 /* Products */,
			);
			sourceTree = "<group>";
		};
		95E7366F297A7E0D0009D775 /* Products */ = {
			isa = PBXGroup;
			children = (
				95E7366E297A7E0D0009D775 /* MiniApp-SwiftUI-MVVMTodoApp.app */,
				95E7367E297A7E0F0009D775 /* MiniApp-SwiftUI-MVVMTodoAppTests.xctest */,
				95E73688297A7E0F0009D775 /* MiniApp-SwiftUI-MVVMTodoAppUITests.xctest */,
			);
			name = Products;
			sourceTree = "<group>";
		};
		95E73670297A7E0D0009D775 /* MiniApp-SwiftUI-MVVMTodoApp */ = {
			isa = PBXGroup;
			children = (
				95E73671297A7E0D0009D775 /* MiniApp_SwiftUI_MVVMTodoAppApp.swift */,
				95E73673297A7E0D0009D775 /* ContentView.swift */,
				95E73675297A7E0F0009D775 /* Assets.xcassets */,
				95E73677297A7E0F0009D775 /* Preview Content */,
			);
			path = "MiniApp-SwiftUI-MVVMTodoApp";
			sourceTree = "<group>";
		};
		95E73677297A7E0F0009D775 /* Preview Content */ = {
			isa = PBXGroup;
			children = (
				95E73678297A7E0F0009D775 /* Preview Assets.xcassets */,
			);
			path = "Preview Content";
			sourceTree = "<group>";
		};
		95E73681297A7E0F0009D775 /* MiniApp-SwiftUI-MVVMTodoAppTests */ = {
			isa = PBXGroup;
			children = (
				95E73682297A7E0F0009D775 /* MiniApp_SwiftUI_MVVMTodoAppTests.swift */,
			);
			path = "MiniApp-SwiftUI-MVVMTodoAppTests";
			sourceTree = "<group>";
		};
		95E7368B297A7E0F0009D775 /* MiniApp-SwiftUI-MVVMTodoAppUITests */ = {
			isa = PBXGroup;
			children = (
				95E7368C297A7E0F0009D775 /* MiniApp_SwiftUI_MVVMTodoAppUITests.swift */,
				95E7368E297A7E0F0009D775 /* MiniApp_SwiftUI_MVVMTodoAppUITestsLaunchTests.swift */,
			);
			path = "MiniApp-SwiftUI-MVVMTodoAppUITests";
			sourceTree = "<group>";
		};
/* End PBXGroup section */

/* Begin PBXNativeTarget section */
		95E7366D297A7E0D0009D775 /* MiniApp-SwiftUI-MVVMTodoApp */ = {
			isa = PBXNativeTarget;
			buildConfigurationList = 95E73692297A7E0F0009D775 /* Build configuration list for PBXNativeTarget "MiniApp-SwiftUI-MVVMTodoApp" */;
			buildPhases = (
				95E7366A297A7E0D0009D775 /* Sources */,
				95E7366B297A7E0D0009D775 /* Frameworks */,
				95E7366C297A7E0D0009D775 /* Resources */,
			);
			buildRules = (
			);
			dependencies = (
			);
			name = "MiniApp-SwiftUI-MVVMTodoApp";
			productName = "MiniApp-SwiftUI-MVVMTodoApp";
			productReference = 95E7366E297A7E0D0009D775 /* MiniApp-SwiftUI-MVVMTodoApp.app */;
			productType = "com.apple.product-type.application";
		};
		95E7367D297A7E0F0009D775 /* MiniApp-SwiftUI-MVVMTodoAppTests */ = {
			isa = PBXNativeTarget;
			buildConfigurationList = 95E73695297A7E0F0009D775 /* Build configuration list for PBXNativeTarget "MiniApp-SwiftUI-MVVMTodoAppTests" */;
			buildPhases = (
				95E7367A297A7E0F0009D775 /* Sources */,
				95E7367B297A7E0F0009D775 /* Frameworks */,
				95E7367C297A7E0F0009D775 /* Resources */,
			);
			buildRules = (
			);
			dependencies = (
				95E73680297A7E0F0009D775 /* PBXTargetDependency */,
			);
			name = "MiniApp-SwiftUI-MVVMTodoAppTests";
			productName = "MiniApp-SwiftUI-MVVMTodoAppTests";
			productReference = 95E7367E297A7E0F0009D775 /* MiniApp-SwiftUI-MVVMTodoAppTests.xctest */;
			productType = "com.apple.product-type.bundle.unit-test";
		};
		95E73687297A7E0F0009D775 /* MiniApp-SwiftUI-MVVMTodoAppUITests */ = {
			isa = PBXNativeTarget;
			buildConfigurationList = 95E73698297A7E0F0009D775 /* Build configuration list for PBXNativeTarget "MiniApp-SwiftUI-MVVMTodoAppUITests" */;
			buildPhases = (
				95E73684297A7E0F0009D775 /* Sources */,
				95E73685297A7E0F0009D775 /* Frameworks */,
				95E73686297A7E0F0009D775 /* Resources */,
			);
			buildRules = (
			);
			dependencies = (
				95E7368A297A7E0F0009D775 /* PBXTargetDependency */,
			);
			name = "MiniApp-SwiftUI-MVVMTodoAppUITests";
			productName = "MiniApp-SwiftUI-MVVMTodoAppUITests";
			productReference = 95E73688297A7E0F0009D775 /* MiniApp-SwiftUI-MVVMTodoAppUITests.xctest */;
			productType = "com.apple.product-type.bundle.ui-testing";
		};
/* End PBXNativeTarget section */

/* Begin PBXProject section */
		95E73666297A7E0D0009D775 /* Project object */ = {
			isa = PBXProject;
			attributes = {
				BuildIndependentTargetsInParallel = 1;
				LastSwiftUpdateCheck = 1420;
				LastUpgradeCheck = 1420;
				TargetAttributes = {
					95E7366D297A7E0D0009D775 = {
						CreatedOnToolsVersion = 14.2;
					};
					95E7367D297A7E0F0009D775 = {
						CreatedOnToolsVersion = 14.2;
						TestTargetID = 95E7366D297A7E0D0009D775;
					};
					95E73687297A7E0F0009D775 = {
						CreatedOnToolsVersion = 14.2;
						TestTargetID = 95E7366D297A7E0D0009D775;
					};
				};
			};
			buildConfigurationList = 95E73669297A7E0D0009D775 /* Build configuration list for PBXProject "MiniApp-SwiftUI-MVVMTodoApp" */;
			compatibilityVersion = "Xcode 14.0";
			developmentRegion = en;
			hasScannedForEncodings = 0;
			knownRegions = (
				en,
				Base,
			);
			mainGroup = 95E73665297A7E0D0009D775;
			productRefGroup = 95E7366F297A7E0D0009D775 /* Products */;
			projectDirPath = "";
			projectRoot = "";
			targets = (
				95E7366D297A7E0D0009D775 /* MiniApp-SwiftUI-MVVMTodoApp */,
				95E7367D297A7E0F0009D775 /* MiniApp-SwiftUI-MVVMTodoAppTests */,
				95E73687297A7E0F0009D775 /* MiniApp-SwiftUI-MVVMTodoAppUITests */,
			);
		};
/* End PBXProject section */

/* Begin PBXResourcesBuildPhase section */
		95E7366C297A7E0D0009D775 /* Resources */ = {
			isa = PBXResourcesBuildPhase;
			buildActionMask = 2147483647;
			files = (
				95E73679297A7E0F0009D775 /* Preview Assets.xcassets in Resources */,
				95E73676297A7E0F0009D775 /* Assets.xcassets in Resources */,
			);
			runOnlyForDeploymentPostprocessing = 0;
		};
		95E7367C297A7E0F0009D775 /* Resources */ = {
			isa = PBXResourcesBuildPhase;
			buildActionMask = 2147483647;
			files = (
			);
			runOnlyForDeploymentPostprocessing = 0;
		};
		95E73686297A7E0F0009D775 /* Resources */ = {
			isa = PBXResourcesBuildPhase;
			buildActionMask = 2147483647;
			files = (
			);
			runOnlyForDeploymentPostprocessing = 0;
		};
/* End PBXResourcesBuildPhase section */

/* Begin PBXSourcesBuildPhase section */
		95E7366A297A7E0D0009D775 /* Sources */ = {
			isa = PBXSourcesBuildPhase;
			buildActionMask = 2147483647;
			files = (
				95E73674297A7E0D0009D775 /* ContentView.swift in Sources */,
				95E73672297A7E0D0009D775 /* MiniApp_SwiftUI_MVVMTodoAppApp.swift in Sources */,
			);
			runOnlyForDeploymentPostprocessing = 0;
		};
		95E7367A297A7E0F0009D775 /* Sources */ = {
			isa = PBXSourcesBuildPhase;
			buildActionMask = 2147483647;
			files = (
				95E73683297A7E0F0009D775 /* MiniApp_SwiftUI_MVVMTodoAppTests.swift in Sources */,
			);
			runOnlyForDeploymentPostprocessing = 0;
		};
		95E73684297A7E0F0009D775 /* Sources */ = {
			isa = PBXSourcesBuildPhase;
			buildActionMask = 2147483647;
			files = (
				95E7368D297A7E0F0009D775 /* MiniApp_SwiftUI_MVVMTodoAppUITests.swift in Sources */,
				95E7368F297A7E0F0009D775 /* MiniApp_SwiftUI_MVVMTodoAppUITestsLaunchTests.swift in Sources */,
			);
			runOnlyForDeploymentPostprocessing = 0;
		};
/* End PBXSourcesBuildPhase section */

/* Begin PBXTargetDependency section */
		95E73680297A7E0F0009D775 /* PBXTargetDependency */ = {
			isa = PBXTargetDependency;
			target = 95E7366D297A7E0D0009D775 /* MiniApp-SwiftUI-MVVMTodoApp */;
			targetProxy = 95E7367F297A7E0F0009D775 /* PBXContainerItemProxy */;
		};
		95E7368A297A7E0F0009D775 /* PBXTargetDependency */ = {
			isa = PBXTargetDependency;
			target = 95E7366D297A7E0D0009D775 /* MiniApp-SwiftUI-MVVMTodoApp */;
			targetProxy = 95E73689297A7E0F0009D775 /* PBXContainerItemProxy */;
		};
/* End PBXTargetDependency section */

/* Begin XCBuildConfiguration section */
		95E73690297A7E0F0009D775 /* Debug */ = {
			isa = XCBuildConfiguration;
			buildSettings = {
				ALWAYS_SEARCH_USER_PATHS = NO;
				CLANG_ANALYZER_NONNULL = YES;
				CLANG_ANALYZER_NUMBER_OBJECT_CONVERSION = YES_AGGRESSIVE;
				CLANG_CXX_LANGUAGE_STANDARD = "gnu++20";
				CLANG_ENABLE_MODULES = YES;
				CLANG_ENABLE_OBJC_ARC = YES;
				CLANG_ENABLE_OBJC_WEAK = YES;
				CLANG_WARN_BLOCK_CAPTURE_AUTORELEASING = YES;
				CLANG_WARN_BOOL_CONVERSION = YES;
				CLANG_WARN_COMMA = YES;
				CLANG_WARN_CONSTANT_CONVERSION = YES;
				CLANG_WARN_DEPRECATED_OBJC_IMPLEMENTATIONS = YES;
				CLANG_WARN_DIRECT_OBJC_ISA_USAGE = YES_ERROR;
				CLANG_WARN_DOCUMENTATION_COMMENTS = YES;
				CLANG_WARN_EMPTY_BODY = YES;
				CLANG_WARN_ENUM_CONVERSION = YES;
				CLANG_WARN_INFINITE_RECURSION = YES;
				CLANG_WARN_INT_CONVERSION = YES;
				CLANG_WARN_NON_LITERAL_NULL_CONVERSION = YES;
				CLANG_WARN_OBJC_IMPLICIT_RETAIN_SELF = YES;
				CLANG_WARN_OBJC_LITERAL_CONVERSION = YES;
				CLANG_WARN_OBJC_ROOT_CLASS = YES_ERROR;
				CLANG_WARN_QUOTED_INCLUDE_IN_FRAMEWORK_HEADER = YES;
				CLANG_WARN_RANGE_LOOP_ANALYSIS = YES;
				CLANG_WARN_STRICT_PROTOTYPES = YES;
				CLANG_WARN_SUSPICIOUS_MOVE = YES;
				CLANG_WARN_UNGUARDED_AVAILABILITY = YES_AGGRESSIVE;
				CLANG_WARN_UNREACHABLE_CODE = YES;
				CLANG_WARN__DUPLICATE_METHOD_MATCH = YES;
				COPY_PHASE_STRIP = NO;
				DEBUG_INFORMATION_FORMAT = dwarf;
				ENABLE_STRICT_OBJC_MSGSEND = YES;
				ENABLE_TESTABILITY = YES;
				GCC_C_LANGUAGE_STANDARD = gnu11;
				GCC_DYNAMIC_NO_PIC = NO;
				GCC_NO_COMMON_BLOCKS = YES;
				GCC_OPTIMIZATION_LEVEL = 0;
				GCC_PREPROCESSOR_DEFINITIONS = (
					"DEBUG=1",
					"$(inherited)",
				);
				GCC_WARN_64_TO_32_BIT_CONVERSION = YES;
				GCC_WARN_ABOUT_RETURN_TYPE = YES_ERROR;
				GCC_WARN_UNDECLARED_SELECTOR = YES;
				GCC_WARN_UNINITIALIZED_AUTOS = YES_AGGRESSIVE;
				GCC_WARN_UNUSED_FUNCTION = YES;
				GCC_WARN_UNUSED_VARIABLE = YES;
				IPHONEOS_DEPLOYMENT_TARGET = 16.2;
				MTL_ENABLE_DEBUG_INFO = INCLUDE_SOURCE;
				MTL_FAST_MATH = YES;
				ONLY_ACTIVE_ARCH = YES;
				SDKROOT = iphoneos;
				SWIFT_ACTIVE_COMPILATION_CONDITIONS = DEBUG;
				SWIFT_OPTIMIZATION_LEVEL = "-Onone";
			};
			name = Debug;
		};
		95E73691297A7E0F0009D775 /* Release */ = {
			isa = XCBuildConfiguration;
			buildSettings = {
				ALWAYS_SEARCH_USER_PATHS = NO;
				CLANG_ANALYZER_NONNULL = YES;
				CLANG_ANALYZER_NUMBER_OBJECT_CONVERSION = YES_AGGRESSIVE;
				CLANG_CXX_LANGUAGE_STANDARD = "gnu++20";
				CLANG_ENABLE_MODULES = YES;
				CLANG_ENABLE_OBJC_ARC = YES;
				CLANG_ENABLE_OBJC_WEAK = YES;
				CLANG_WARN_BLOCK_CAPTURE_AUTORELEASING = YES;
				CLANG_WARN_BOOL_CONVERSION = YES;
				CLANG_WARN_COMMA = YES;
				CLANG_WARN_CONSTANT_CONVERSION = YES;
				CLANG_WARN_DEPRECATED_OBJC_IMPLEMENTATIONS = YES;
				CLANG_WARN_DIRECT_OBJC_ISA_USAGE = YES_ERROR;
				CLANG_WARN_DOCUMENTATION_COMMENTS = YES;
				CLANG_WARN_EMPTY_BODY = YES;
				CLANG_WARN_ENUM_CONVERSION = YES;
				CLANG_WARN_INFINITE_RECURSION = YES;
				CLANG_WARN_INT_CONVERSION = YES;
				CLANG_WARN_NON_LITERAL_NULL_CONVERSION = YES;
				CLANG_WARN_OBJC_IMPLICIT_RETAIN_SELF = YES;
				CLANG_WARN_OBJC_LITERAL_CONVERSION = YES;
				CLANG_WARN_OBJC_ROOT_CLASS = YES_ERROR;
				CLANG_WARN_QUOTED_INCLUDE_IN_FRAMEWORK_HEADER = YES;
				CLANG_WARN_RANGE_LOOP_ANALYSIS = YES;
				CLANG_WARN_STRICT_PROTOTYPES = YES;
				CLANG_WARN_SUSPICIOUS_MOVE = YES;
				CLANG_WARN_UNGUARDED_AVAILABILITY = YES_AGGRESSIVE;
				CLANG_WARN_UNREACHABLE_CODE = YES;
				CLANG_WARN__DUPLICATE_METHOD_MATCH = YES;
				COPY_PHASE_STRIP = NO;
				DEBUG_INFORMATION_FORMAT = "dwarf-with-dsym";
				ENABLE_NS_ASSERTIONS = NO;
				ENABLE_STRICT_OBJC_MSGSEND = YES;
				GCC_C_LANGUAGE_STANDARD = gnu11;
				GCC_NO_COMMON_BLOCKS = YES;
				GCC_WARN_64_TO_32_BIT_CONVERSION = YES;
				GCC_WARN_ABOUT_RETURN_TYPE = YES_ERROR;
				GCC_WARN_UNDECLARED_SELECTOR = YES;
				GCC_WARN_UNINITIALIZED_AUTOS = YES_AGGRESSIVE;
				GCC_WARN_UNUSED_FUNCTION = YES;
				GCC_WARN_UNUSED_VARIABLE = YES;
				IPHONEOS_DEPLOYMENT_TARGET = 16.2;
				MTL_ENABLE_DEBUG_INFO = NO;
				MTL_FAST_MATH = YES;
				SDKROOT = iphoneos;
				SWIFT_COMPILATION_MODE = wholemodule;
				SWIFT_OPTIMIZATION_LEVEL = "-O";
				VALIDATE_PRODUCT = YES;
			};
			name = Release;
		};
		95E73693297A7E0F0009D775 /* Debug */ = {
			isa = XCBuildConfiguration;
			buildSettings = {
				ASSETCATALOG_COMPILER_APPICON_NAME = AppIcon;
				ASSETCATALOG_COMPILER_GLOBAL_ACCENT_COLOR_NAME = AccentColor;
				CODE_SIGN_STYLE = Automatic;
				CURRENT_PROJECT_VERSION = 1;
				DEVELOPMENT_ASSET_PATHS = "\"MiniApp-SwiftUI-MVVMTodoApp/Preview Content\"";
				DEVELOPMENT_TEAM = 7X9S244452;
				ENABLE_PREVIEWS = YES;
				GENERATE_INFOPLIST_FILE = YES;
				INFOPLIST_KEY_UIApplicationSceneManifest_Generation = YES;
				INFOPLIST_KEY_UIApplicationSupportsIndirectInputEvents = YES;
				INFOPLIST_KEY_UILaunchScreen_Generation = YES;
				INFOPLIST_KEY_UISupportedInterfaceOrientations_iPad = "UIInterfaceOrientationPortrait UIInterfaceOrientationPortraitUpsideDown UIInterfaceOrientationLandscapeLeft UIInterfaceOrientationLandscapeRight";
				INFOPLIST_KEY_UISupportedInterfaceOrientations_iPhone = "UIInterfaceOrientationPortrait UIInterfaceOrientationLandscapeLeft UIInterfaceOrientationLandscapeRight";
				LD_RUNPATH_SEARCH_PATHS = (
					"$(inherited)",
					"@executable_path/Frameworks",
				);
				MARKETING_VERSION = 1.0;
				PRODUCT_BUNDLE_IDENTIFIER = "com.mkondo.MiniApp-SwiftUI-MVVMTodoApp";
				PRODUCT_NAME = "$(TARGET_NAME)";
				SWIFT_EMIT_LOC_STRINGS = YES;
				SWIFT_VERSION = 5.0;
				TARGETED_DEVICE_FAMILY = "1,2";
			};
			name = Debug;
		};
		95E73694297A7E0F0009D775 /* Release */ = {
			isa = XCBuildConfiguration;
			buildSettings = {
				ASSETCATALOG_COMPILER_APPICON_NAME = AppIcon;
				ASSETCATALOG_COMPILER_GLOBAL_ACCENT_COLOR_NAME = AccentColor;
				CODE_SIGN_STYLE = Automatic;
				CURRENT_PROJECT_VERSION = 1;
				DEVELOPMENT_ASSET_PATHS = "\"MiniApp-SwiftUI-MVVMTodoApp/Preview Content\"";
				DEVELOPMENT_TEAM = 7X9S244452;
				ENABLE_PREVIEWS = YES;
				GENERATE_INFOPLIST_FILE = YES;
				INFOPLIST_KEY_UIApplicationSceneManifest_Generation = YES;
				INFOPLIST_KEY_UIApplicationSupportsIndirectInputEvents = YES;
				INFOPLIST_KEY_UILaunchScreen_Generation = YES;
				INFOPLIST_KEY_UISupportedInterfaceOrientations_iPad = "UIInterfaceOrientationPortrait UIInterfaceOrientationPortraitUpsideDown UIInterfaceOrientationLandscapeLeft UIInterfaceOrientationLandscapeRight";
				INFOPLIST_KEY_UISupportedInterfaceOrientations_iPhone = "UIInterfaceOrientationPortrait UIInterfaceOrientationLandscapeLeft UIInterfaceOrientationLandscapeRight";
				LD_RUNPATH_SEARCH_PATHS = (
					"$(inherited)",
					"@executable_path/Frameworks",
				);
				MARKETING_VERSION = 1.0;
				PRODUCT_BUNDLE_IDENTIFIER = "com.mkondo.MiniApp-SwiftUI-MVVMTodoApp";
				PRODUCT_NAME = "$(TARGET_NAME)";
				SWIFT_EMIT_LOC_STRINGS = YES;
				SWIFT_VERSION = 5.0;
				TARGETED_DEVICE_FAMILY = "1,2";
			};
			name = Release;
		};
		95E73696297A7E0F0009D775 /* Debug */ = {
			isa = XCBuildConfiguration;
			buildSettings = {
				ALWAYS_EMBED_SWIFT_STANDARD_LIBRARIES = YES;
				BUNDLE_LOADER = "$(TEST_HOST)";
				CODE_SIGN_STYLE = Automatic;
				CURRENT_PROJECT_VERSION = 1;
				DEVELOPMENT_TEAM = 7X9S244452;
				GENERATE_INFOPLIST_FILE = YES;
				IPHONEOS_DEPLOYMENT_TARGET = 16.2;
				MARKETING_VERSION = 1.0;
				PRODUCT_BUNDLE_IDENTIFIER = "com.mkondo.MiniApp-SwiftUI-MVVMTodoAppTests";
				PRODUCT_NAME = "$(TARGET_NAME)";
				SWIFT_EMIT_LOC_STRINGS = NO;
				SWIFT_VERSION = 5.0;
				TARGETED_DEVICE_FAMILY = "1,2";
				TEST_HOST = "$(BUILT_PRODUCTS_DIR)/MiniApp-SwiftUI-MVVMTodoApp.app/$(BUNDLE_EXECUTABLE_FOLDER_PATH)/MiniApp-SwiftUI-MVVMTodoApp";
			};
			name = Debug;
		};
		95E73697297A7E0F0009D775 /* Release */ = {
			isa = XCBuildConfiguration;
			buildSettings = {
				ALWAYS_EMBED_SWIFT_STANDARD_LIBRARIES = YES;
				BUNDLE_LOADER = "$(TEST_HOST)";
				CODE_SIGN_STYLE = Automatic;
				CURRENT_PROJECT_VERSION = 1;
				DEVELOPMENT_TEAM = 7X9S244452;
				GENERATE_INFOPLIST_FILE = YES;
				IPHONEOS_DEPLOYMENT_TARGET = 16.2;
				MARKETING_VERSION = 1.0;
				PRODUCT_BUNDLE_IDENTIFIER = "com.mkondo.MiniApp-SwiftUI-MVVMTodoAppTests";
				PRODUCT_NAME = "$(TARGET_NAME)";
				SWIFT_EMIT_LOC_STRINGS = NO;
				SWIFT_VERSION = 5.0;
				TARGETED_DEVICE_FAMILY = "1,2";
				TEST_HOST = "$(BUILT_PRODUCTS_DIR)/MiniApp-SwiftUI-MVVMTodoApp.app/$(BUNDLE_EXECUTABLE_FOLDER_PATH)/MiniApp-SwiftUI-MVVMTodoApp";
			};
			name = Release;
		};
		95E73699297A7E0F0009D775 /* Debug */ = {
			isa = XCBuildConfiguration;
			buildSettings = {
				ALWAYS_EMBED_SWIFT_STANDARD_LIBRARIES = YES;
				CODE_SIGN_STYLE = Automatic;
				CURRENT_PROJECT_VERSION = 1;
				DEVELOPMENT_TEAM = 7X9S244452;
				GENERATE_INFOPLIST_FILE = YES;
				MARKETING_VERSION = 1.0;
				PRODUCT_BUNDLE_IDENTIFIER = "com.mkondo.MiniApp-SwiftUI-MVVMTodoAppUITests";
				PRODUCT_NAME = "$(TARGET_NAME)";
				SWIFT_EMIT_LOC_STRINGS = NO;
				SWIFT_VERSION = 5.0;
				TARGETED_DEVICE_FAMILY = "1,2";
				TEST_TARGET_NAME = "MiniApp-SwiftUI-MVVMTodoApp";
			};
			name = Debug;
		};
		95E7369A297A7E0F0009D775 /* Release */ = {
			isa = XCBuildConfiguration;
			buildSettings = {
				ALWAYS_EMBED_SWIFT_STANDARD_LIBRARIES = YES;
				CODE_SIGN_STYLE = Automatic;
				CURRENT_PROJECT_VERSION = 1;
				DEVELOPMENT_TEAM = 7X9S244452;
				GENERATE_INFOPLIST_FILE = YES;
				MARKETING_VERSION = 1.0;
				PRODUCT_BUNDLE_IDENTIFIER = "com.mkondo.MiniApp-SwiftUI-MVVMTodoAppUITests";
				PRODUCT_NAME = "$(TARGET_NAME)";
				SWIFT_EMIT_LOC_STRINGS = NO;
				SWIFT_VERSION = 5.0;
				TARGETED_DEVICE_FAMILY = "1,2";
				TEST_TARGET_NAME = "MiniApp-SwiftUI-MVVMTodoApp";
			};
			name = Release;
		};
/* End XCBuildConfiguration section */

/* Begin XCConfigurationList section */
		95E73669297A7E0D0009D775 /* Build configuration list for PBXProject "MiniApp-SwiftUI-MVVMTodoApp" */ = {
			isa = XCConfigurationList;
			buildConfigurations = (
				95E73690297A7E0F0009D775 /* Debug */,
				95E73691297A7E0F0009D775 /* Release */,
			);
			defaultConfigurationIsVisible = 0;
			defaultConfigurationName = Release;
		};
		95E73692297A7E0F0009D775 /* Build configuration list for PBXNativeTarget "MiniApp-SwiftUI-MVVMTodoApp" */ = {
			isa = XCConfigurationList;
			buildConfigurations = (
				95E73693297A7E0F0009D775 /* Debug */,
				95E73694297A7E0F0009D775 /* Release */,
			);
			defaultConfigurationIsVisible = 0;
			defaultConfigurationName = Release;
		};
		95E73695297A7E0F0009D775 /* Build configuration list for PBXNativeTarget "MiniApp-SwiftUI-MVVMTodoAppTests" */ = {
			isa = XCConfigurationList;
			buildConfigurations = (
				95E73696297A7E0F0009D775 /* Debug */,
				95E73697297A7E0F0009D775 /* Release */,
			);
			defaultConfigurationIsVisible = 0;
			defaultConfigurationName = Release;
		};
		95E73698297A7E0F0009D775 /* Build configuration list for PBXNativeTarget "MiniApp-SwiftUI-MVVMTodoAppUITests" */ = {
			isa = XCConfigurationList;
			buildConfigurations = (
				95E73699297A7E0F0009D775 /* Debug */,
				95E7369A297A7E0F0009D775 /* Release */,
			);
			defaultConfigurationIsVisible = 0;
			defaultConfigurationName = Release;
		};
/* End XCConfigurationList section */
	};
	rootObject = 95E73666297A7E0D0009D775 /* Project object */;
}
